# THIS IS AN AUTOGENERATED FILE. DO NOT EDIT THIS FILE DIRECTLY.
# yarn lockfile v1


monaco-editor@^0.20.0:
  version "0.20.0"
  resolved "https://registry.yarnpkg.com/monaco-editor/-/monaco-editor-0.20.0.tgz#5d5009343a550124426cb4d965a4d27a348b4dea"
  integrity sha512-hkvf4EtPJRMQlPC3UbMoRs0vTAFAYdzFQ+gpMb8A+9znae1c43q8Mab9iVsgTcg/4PNiLGGn3SlDIa8uvK1FIQ==

nano-assign@^1.0.0:
  version "1.0.1"
  resolved "https://registry.yarnpkg.com/nano-assign/-/nano-assign-1.0.1.tgz#abb1c50d0416b865fb37bbd155c5368bb54378e5"
  integrity sha512-1K8ncUoAYFPYcCZqrB+K2XQaFCmA35rryJCtPkGrG3zYkwm+iIUZRIHyaAfuy6zxaK9siPdjeJq7+Inijm6xhw==

vue-monaco@^1.2.2:
  version "1.2.2"
  resolved "https://registry.yarnpkg.com/vue-monaco/-/vue-monaco-1.2.2.tgz#5e88bd25bf013a32d8fb051acab7bc186c3753e4"
  integrity sha512-+BhCHeAuDmjtCUP9MUxan6OjGgOqDR7xHlNScZ8Cfq32iac76Fv7z6RfC+lSrp0YpCjEPl6bvpY21N11UBRmMg==
  dependencies:
    monaco-editor "^0.20.0"
    nano-assign "^1.0.0"
